<Solution>
  <Folder Name="/files/">
    <File Path=".editorconfig" />
    <File Path=".gitattributes" />
    <File Path=".github/actions/nupkg-pub+test/action.yml" />
    <File Path=".github/workflows/nupkg-pub_debug_release.yml" />
    <File Path=".gitignore" />
    <File Path="note.text" />
    <File Path="README.md" />
    <File Path="SharedProjectConfiguration.props" />
  </Folder>
  <Project Path="Collection.Superb/Collection.Superb.csproj" />
</Solution>
